
Microsoft Visual Studio Solution File, Format Version 12.00
# Visual Studio 2013
VisualStudioVersion = 12.0.21005.1
MinimumVisualStudioVersion = 10.0.40219.1
Project("{FAE04EC0-301F-11D3-BF4B-00C04F79EFBC}") = "Singleton01", "Singleton01\Singleton01.csproj", "{8A927672-8AD3-4750-A92C-5E8DD35030BB}"
EndProject
Global
	GlobalSection(SolutionConfigurationPlatforms) = preSolution
		Debug|Any CPU = Debug|Any CPU
		Release|Any CPU = Release|Any CPU
	EndGlobalSection
	GlobalSection(ProjectConfigurationPlatforms) = postSolution
		{8A927672-8AD3-4750-A92C-5E8DD35030BB}.Debug|Any CPU.ActiveCfg = Debug|Any CPU
		{8A927672-8AD3-4750-A92C-5E8DD35030BB}.Debug|Any CPU.Build.0 = Debug|Any CPU
		{8A927672-8AD3-4750-A92C-5E8DD35030BB}.Release|Any CPU.ActiveCfg = Release|Any CPU
		{8A927672-8AD3-4750-A92C-5E8DD35030BB}.Release|Any CPU.Build.0 = Release|Any CPU
	EndGlobalSection
	GlobalSection(SolutionProperties) = preSolution
		HideSolutionNode = FALSE
	EndGlobalSection
EndGlobal
